<?xml version="1.0" encoding="utf-8"?>
<Project ToolsVersion="4.0" xmlns="http://schemas.microsoft.com/developer/msbuild/2003">
  <ItemGroup>
    <Filter Include="Source Files">
      <UniqueIdentifier>{207d6397-0a24-4745-abe5-3db57ffcf818}</UniqueIdentifier>
      <Extensions>cpp;c;cxx;rc;def;r;odl;idl;hpj;bat</Extensions>
    </Filter>
    <Filter Include="Header Files">
      <UniqueIdentifier>{fbcd22a0-64c6-47d3-b8b6-0ec76e442d56}</UniqueIdentifier>
      <Extensions>h;hpp;hxx;hm;inl</Extensions>
    </Filter>
    <Filter Include="Header Files\vorbis">
      <UniqueIdentifier>{ad3b22c1-bf73-43d0-b3c8-a167d4eb6713}</UniqueIdentifier>
      <Extensions>h</Extensions>
    </Filter>
  </ItemGroup>
  <ItemGroup>
    <ClCompile Include="analysis.c">
      <Filter>Source Files</Filter>
    </ClCompile>
    <ClCompile Include="bitrate.c">
      <Filter>Source Files</Filter>
    </ClCompile>
    <ClCompile Include="block.c">
      <Filter>Source Files</Filter>
    </ClCompile>
    <ClCompile Include="codebook.c">
      <Filter>Source Files</Filter>
    </ClCompile>
    <ClCompile Include="envelope.c">
      <Filter>Source Files</Filter>
    </ClCompile>
    <ClCompile Include="floor0.c">
      <Filter>Source Files</Filter>
    </ClCompile>
    <ClCompile Include="floor1.c">
      <Filter>Source Files</Filter>
    </ClCompile>
    <ClCompile Include="info.c">
      <Filter>Source Files</Filter>
    </ClCompile>
    <ClCompile Include="lookup.c">
      <Filter>Source Files</Filter>
    </ClCompile>
    <ClCompile Include="lpc.c">
      <Filter>Source Files</Filter>
    </ClCompile>
    <ClCompile Include="lsp.c">
      <Filter>Source Files</Filter>
    </ClCompile>
    <ClCompile Include="mapping0.c">
      <Filter>Source Files</Filter>
    </ClCompile>
    <ClCompile Include="mdct.c">
      <Filter>Source Files</Filter>
    </ClCompile>
    <ClCompile Include="psy.c">
      <Filter>Source Files</Filter>
    </ClCompile>
    <ClCompile Include="registry.c">
      <Filter>Source Files</Filter>
    </ClCompile>
    <ClCompile Include="res0.c">
      <Filter>Source Files</Filter>
    </ClCompile>
    <ClCompile Include="sharedbook.c">
      <Filter>Source Files</Filter>
    </ClCompile>
    <ClCompile Include="smallft.c">
      <Filter>Source Files</Filter>
    </ClCompile>
    <ClCompile Include="synthesis.c">
      <Filter>Source Files</Filter>
    </ClCompile>
    <ClCompile Include="vorbisfile.c">
      <Filter>Source Files</Filter>
    </ClCompile>
    <ClCompile Include="window.c">
      <Filter>Source Files</Filter>
    </ClCompile>
  </ItemGroup>
  <ItemGroup>
    <ClInclude Include="smallft.h">
      <Filter>Header Files</Filter>
    </ClInclude>
    <ClInclude Include="scales.h">
      <Filter>Header Files</Filter>
    </ClInclude>
    <ClInclude Include="registry.h">
      <Filter>Header Files</Filter>
    </ClInclude>
    <ClInclude Include="psy.h">
      <Filter>Header Files</Filter>
    </ClInclude>
    <ClInclude Include="os.h">
      <Filter>Header Files</Filter>
    </ClInclude>
    <ClInclude Include="misc.h">
      <Filter>Header Files</Filter>
    </ClInclude>
    <ClInclude Include="mdct.h">
      <Filter>Header Files</Filter>
    </ClInclude>
    <ClInclude Include="masking.h">
      <Filter>Header Files</Filter>
    </ClInclude>
    <ClInclude Include="lsp.h">
      <Filter>Header Files</Filter>
    </ClInclude>
    <ClInclude Include="lpc.h">
      <Filter>Header Files</Filter>
    </ClInclude>
    <ClInclude Include="lookup_data.h">
      <Filter>Header Files</Filter>
    </ClInclude>
    <ClInclude Include="lookup.h">
      <Filter>Header Files</Filter>
    </ClInclude>
    <ClInclude Include="highlevel.h">
      <Filter>Header Files</Filter>
    </ClInclude>
    <ClInclude Include="envelope.h">
      <Filter>Header Files</Filter>
    </ClInclude>
    <ClInclude Include="codec_internal.h">
      <Filter>Header Files</Filter>
    </ClInclude>
    <ClInclude Include="codebook.h">
      <Filter>Header Files</Filter>
    </ClInclude>
    <ClInclude Include="bitrate.h">
      <Filter>Header Files</Filter>
    </ClInclude>
    <ClInclude Include="window.h">
      <Filter>Header Files</Filter>
    </ClInclude>
    <ClInclude Include="backends.h">
      <Filter>Header Files</Filter>
    </ClInclude>
    <ClInclude Include="vorbis\vorbisfile.h">
      <Filter>Header Files\vorbis</Filter>
    </ClInclude>
    <ClInclude Include="vorbis\codec.h">
      <Filter>Header Files\vorbis</Filter>
    </ClInclude>
  </ItemGroup>
</Project>