<?xml version="1.0" encoding="utf-8"?>
<Project ToolsVersion="4.0" xmlns="http://schemas.microsoft.com/developer/msbuild/2003">
  <ItemGroup>
    <Filter Include="Source Files">
      <UniqueIdentifier>{9b168eb2-c7f8-4e08-a4e1-2fd392332563}</UniqueIdentifier>
      <Extensions>cpp;c;cxx;rc;def;r;odl;idl;hpj;bat</Extensions>
    </Filter>
    <Filter Include="Header Files">
      <UniqueIdentifier>{11d2c964-2614-4954-9a3f-6ef1f518393f}</UniqueIdentifier>
      <Extensions>h;hpp;hxx;hm;inl</Extensions>
    </Filter>
    <Filter Include="Data Files">
      <UniqueIdentifier>{761158e6-39a6-494b-9b77-ac9b28eb2940}</UniqueIdentifier>
      <Extensions>dat</Extensions>
    </Filter>
  </ItemGroup>
  <ItemGroup>
    <ClCompile Include="bit.c">
      <Filter>Source Files</Filter>
    </ClCompile>
    <ClCompile Include="decoder.c">
      <Filter>Source Files</Filter>
    </ClCompile>
    <ClCompile Include="fixed.c">
      <Filter>Source Files</Filter>
    </ClCompile>
    <ClCompile Include="frame.c">
      <Filter>Source Files</Filter>
    </ClCompile>
    <ClCompile Include="huffman.c">
      <Filter>Source Files</Filter>
    </ClCompile>
    <ClCompile Include="layer12.c">
      <Filter>Source Files</Filter>
    </ClCompile>
    <ClCompile Include="layer3.c">
      <Filter>Source Files</Filter>
    </ClCompile>
    <ClCompile Include="stream.c">
      <Filter>Source Files</Filter>
    </ClCompile>
    <ClCompile Include="synth.c">
      <Filter>Source Files</Filter>
    </ClCompile>
    <ClCompile Include="timer.c">
      <Filter>Source Files</Filter>
    </ClCompile>
    <ClCompile Include="version.c">
      <Filter>Source Files</Filter>
    </ClCompile>
  </ItemGroup>
  <ItemGroup>
    <CustomBuildStep Include="data\D.dat">
      <Filter>Data Files</Filter>
    </CustomBuildStep>
    <CustomBuildStep Include="data\imdct_s.dat">
      <Filter>Data Files</Filter>
    </CustomBuildStep>
    <CustomBuildStep Include="data\qc_table.dat">
      <Filter>Data Files</Filter>
    </CustomBuildStep>
    <CustomBuildStep Include="data\rq_table.dat">
      <Filter>Data Files</Filter>
    </CustomBuildStep>
    <CustomBuildStep Include="data\sf_table.dat">
      <Filter>Data Files</Filter>
    </CustomBuildStep>
  </ItemGroup>
  <ItemGroup>
    <ClInclude Include="timer.h">
      <Filter>Header Files</Filter>
    </ClInclude>
    <ClInclude Include="synth.h">
      <Filter>Header Files</Filter>
    </ClInclude>
    <ClInclude Include="stream.h">
      <Filter>Header Files</Filter>
    </ClInclude>
    <ClInclude Include="mad.h">
      <Filter>Header Files</Filter>
    </ClInclude>
    <ClInclude Include="layer3.h">
      <Filter>Header Files</Filter>
    </ClInclude>
    <ClInclude Include="layer12.h">
      <Filter>Header Files</Filter>
    </ClInclude>
    <ClInclude Include="huffman.h">
      <Filter>Header Files</Filter>
    </ClInclude>
    <ClInclude Include="global.h">
      <Filter>Header Files</Filter>
    </ClInclude>
    <ClInclude Include="frame.h">
      <Filter>Header Files</Filter>
    </ClInclude>
    <ClInclude Include="fixed.h">
      <Filter>Header Files</Filter>
    </ClInclude>
    <ClInclude Include="decoder.h">
      <Filter>Header Files</Filter>
    </ClInclude>
    <ClInclude Include="config.h">
      <Filter>Header Files</Filter>
    </ClInclude>
    <ClInclude Include="version.h">
      <Filter>Header Files</Filter>
    </ClInclude>
    <ClInclude Include="bit.h">
      <Filter>Header Files</Filter>
    </ClInclude>
  </ItemGroup>
</Project>